
Microsoft Visual Studio Solution File, Format Version 12.00
# Visual Studio Version 18
VisualStudioVersion = 18.0.11012.119
MinimumVisualStudioVersion = 10.0.40219.1
Project("{FAE04EC0-301F-11D3-BF4B-00C04F79EFBC}") = "AccountabilityInformationSystem.Api", "AccountabilityInformationSystem.Api\AccountabilityInformationSystem.Api.csproj", "{7E7BF14A-F723-4585-89F7-BC9857D5446E}"
EndProject
Project("{2150E333-8FDC-42A3-9474-1A3956D46DE8}") = "src", "src", "{63D5DF24-0991-45EB-8F82-FF1EF5886C22}"
EndProject
Project("{2150E333-8FDC-42A3-9474-1A3956D46DE8}") = "Solution Items", "Solution Items", "{D4A10C9A-C3FB-4EC2-BBFD-C1634ECCE943}"
	ProjectSection(SolutionItems) = preProject
		.editorconfig = .editorconfig
		Directory.Build.props = Directory.Build.props
		Directory.Packages.props = Directory.Packages.props
		.github\workflows\dotnet.yml = .github\workflows\dotnet.yml
	EndProjectSection
EndProject
Project("{E53339B2-1760-4266-BCC7-CA923CBCF16C}") = "docker-compose", "docker-compose.dcproj", "{81DDED9D-158B-E303-5F62-77A2896D2A5A}"
EndProject
Global
	GlobalSection(SolutionConfigurationPlatforms) = preSolution
		Debug|Any CPU = Debug|Any CPU
		Release|Any CPU = Release|Any CPU
	EndGlobalSection
	GlobalSection(ProjectConfigurationPlatforms) = postSolution
		{7E7BF14A-F723-4585-89F7-BC9857D5446E}.Debug|Any CPU.ActiveCfg = Debug|Any CPU
		{7E7BF14A-F723-4585-89F7-BC9857D5446E}.Debug|Any CPU.Build.0 = Debug|Any CPU
		{7E7BF14A-F723-4585-89F7-BC9857D5446E}.Release|Any CPU.ActiveCfg = Release|Any CPU
		{7E7BF14A-F723-4585-89F7-BC9857D5446E}.Release|Any CPU.Build.0 = Release|Any CPU
		{81DDED9D-158B-E303-5F62-77A2896D2A5A}.Debug|Any CPU.ActiveCfg = Debug|Any CPU
		{81DDED9D-158B-E303-5F62-77A2896D2A5A}.Debug|Any CPU.Build.0 = Debug|Any CPU
		{81DDED9D-158B-E303-5F62-77A2896D2A5A}.Release|Any CPU.ActiveCfg = Release|Any CPU
		{81DDED9D-158B-E303-5F62-77A2896D2A5A}.Release|Any CPU.Build.0 = Release|Any CPU
	EndGlobalSection
	GlobalSection(SolutionProperties) = preSolution
		HideSolutionNode = FALSE
	EndGlobalSection
	GlobalSection(NestedProjects) = preSolution
		{7E7BF14A-F723-4585-89F7-BC9857D5446E} = {63D5DF24-0991-45EB-8F82-FF1EF5886C22}
	EndGlobalSection
	GlobalSection(ExtensibilityGlobals) = postSolution
		SolutionGuid = {414D1324-5C7E-4FFF-A3A7-9EA138699EE1}
	EndGlobalSection
EndGlobal
